{
  "name": "PythonProject",
  "lockfileVersion": 3,
  "requires": true,
  "packages": {
    "": {
      "dependencies": {
        "import-modules": "^3.2.0"
      }
    },
    "node_modules/import-modules": {
      "version": "3.2.0",
      "resolved": "https://registry.npmjs.org/import-modules/-/import-modules-3.2.0.tgz",
      "integrity": "sha512-rnImqdZ/8Sopu0IxVo0l5tN3msvVwz794uJLnn+Jb01+FaAHsKrqE78tmE7z9JRZRsefBtBC7h4yphU4RGXR7A==",
      "license": "MIT",
      "engines": {
        "node": ">=8"
      },
      "funding": {
        "url": "https://github.com/sponsors/sindresorhus"
      }
    }
  }
}
